
Microsoft Visual Studio Solution File, Format Version 12.00
# Visual Studio 15
VisualStudioVersion = 15.0.27004.2008
MinimumVisualStudioVersion = 10.0.40219.1
Project("{FAE04EC0-301F-11D3-BF4B-00C04F79EFBC}") = "Test1-Question3", "Test1-Question3.csproj", "{63AECC92-0AA9-41E7-B39D-4D6ABB84FE67}"
EndProject
Global
	GlobalSection(SolutionConfigurationPlatforms) = preSolution
		Debug|Any CPU = Debug|Any CPU
		Release|Any CPU = Release|Any CPU
	EndGlobalSection
	GlobalSection(ProjectConfigurationPlatforms) = postSolution
		{63AECC92-0AA9-41E7-B39D-4D6ABB84FE67}.Debug|Any CPU.ActiveCfg = Debug|Any CPU
		{63AECC92-0AA9-41E7-B39D-4D6ABB84FE67}.Debug|Any CPU.Build.0 = Debug|Any CPU
		{63AECC92-0AA9-41E7-B39D-4D6ABB84FE67}.Release|Any CPU.ActiveCfg = Release|Any CPU
		{63AECC92-0AA9-41E7-B39D-4D6ABB84FE67}.Release|Any CPU.Build.0 = Release|Any CPU
	EndGlobalSection
	GlobalSection(SolutionProperties) = preSolution
		HideSolutionNode = FALSE
	EndGlobalSection
	GlobalSection(ExtensibilityGlobals) = postSolution
		SolutionGuid = {63129061-A6B5-4ABD-AF67-2BF5E3CC6C55}
	EndGlobalSection
EndGlobal
