
Microsoft Visual Studio Solution File, Format Version 12.00
# Visual Studio 15
VisualStudioVersion = 15.0.27004.2008
MinimumVisualStudioVersion = 10.0.40219.1
Project("{FAE04EC0-301F-11D3-BF4B-00C04F79EFBC}") = "Test1-ExtraCredit-Question", "Test1-ExtraCredit-Question.csproj", "{646F88AA-552C-4B6D-81A0-8A5BE9916223}"
EndProject
Global
	GlobalSection(SolutionConfigurationPlatforms) = preSolution
		Debug|Any CPU = Debug|Any CPU
		Release|Any CPU = Release|Any CPU
	EndGlobalSection
	GlobalSection(ProjectConfigurationPlatforms) = postSolution
		{646F88AA-552C-4B6D-81A0-8A5BE9916223}.Debug|Any CPU.ActiveCfg = Debug|Any CPU
		{646F88AA-552C-4B6D-81A0-8A5BE9916223}.Debug|Any CPU.Build.0 = Debug|Any CPU
		{646F88AA-552C-4B6D-81A0-8A5BE9916223}.Release|Any CPU.ActiveCfg = Release|Any CPU
		{646F88AA-552C-4B6D-81A0-8A5BE9916223}.Release|Any CPU.Build.0 = Release|Any CPU
	EndGlobalSection
	GlobalSection(SolutionProperties) = preSolution
		HideSolutionNode = FALSE
	EndGlobalSection
	GlobalSection(ExtensibilityGlobals) = postSolution
		SolutionGuid = {6CF17EFC-0730-42BF-97D7-301F1DD82580}
	EndGlobalSection
EndGlobal
