
Microsoft Visual Studio Solution File, Format Version 12.00
# Visual Studio 15
VisualStudioVersion = 15.0.27004.2008
MinimumVisualStudioVersion = 10.0.40219.1
Project("{FAE04EC0-301F-11D3-BF4B-00C04F79EFBC}") = "Test1-Question6", "Test1-Question6.csproj", "{EC0AD509-6706-414A-942A-7D485D6E0233}"
EndProject
Global
	GlobalSection(SolutionConfigurationPlatforms) = preSolution
		Debug|Any CPU = Debug|Any CPU
		Release|Any CPU = Release|Any CPU
	EndGlobalSection
	GlobalSection(ProjectConfigurationPlatforms) = postSolution
		{EC0AD509-6706-414A-942A-7D485D6E0233}.Debug|Any CPU.ActiveCfg = Debug|Any CPU
		{EC0AD509-6706-414A-942A-7D485D6E0233}.Debug|Any CPU.Build.0 = Debug|Any CPU
		{EC0AD509-6706-414A-942A-7D485D6E0233}.Release|Any CPU.ActiveCfg = Release|Any CPU
		{EC0AD509-6706-414A-942A-7D485D6E0233}.Release|Any CPU.Build.0 = Release|Any CPU
	EndGlobalSection
	GlobalSection(SolutionProperties) = preSolution
		HideSolutionNode = FALSE
	EndGlobalSection
	GlobalSection(ExtensibilityGlobals) = postSolution
		SolutionGuid = {43A0897F-A0EE-4D8E-8249-84C4817D3FF7}
	EndGlobalSection
EndGlobal
