
Microsoft Visual Studio Solution File, Format Version 12.00
# Visual Studio 15
VisualStudioVersion = 15.0.27004.2002
MinimumVisualStudioVersion = 10.0.40219.1
Project("{FAE04EC0-301F-11D3-BF4B-00C04F79EFBC}") = "Lab07-question6", "Lab07-question6.csproj", "{9434EE44-0466-4412-BB07-206CF2188C5A}"
EndProject
Global
	GlobalSection(SolutionConfigurationPlatforms) = preSolution
		Debug|Any CPU = Debug|Any CPU
		Release|Any CPU = Release|Any CPU
	EndGlobalSection
	GlobalSection(ProjectConfigurationPlatforms) = postSolution
		{9434EE44-0466-4412-BB07-206CF2188C5A}.Debug|Any CPU.ActiveCfg = Debug|Any CPU
		{9434EE44-0466-4412-BB07-206CF2188C5A}.Debug|Any CPU.Build.0 = Debug|Any CPU
		{9434EE44-0466-4412-BB07-206CF2188C5A}.Release|Any CPU.ActiveCfg = Release|Any CPU
		{9434EE44-0466-4412-BB07-206CF2188C5A}.Release|Any CPU.Build.0 = Release|Any CPU
	EndGlobalSection
	GlobalSection(SolutionProperties) = preSolution
		HideSolutionNode = FALSE
	EndGlobalSection
	GlobalSection(ExtensibilityGlobals) = postSolution
		SolutionGuid = {883A66A5-1AF3-4150-A833-3B8994AF6A20}
	EndGlobalSection
EndGlobal
