
Microsoft Visual Studio Solution File, Format Version 12.00
# Visual Studio 15
VisualStudioVersion = 15.0.27004.2008
MinimumVisualStudioVersion = 10.0.40219.1
Project("{FAE04EC0-301F-11D3-BF4B-00C04F79EFBC}") = "Lab11-question4", "Lab11-question4.csproj", "{9F6F4DAD-F3F1-41EF-A9B0-77775F87051B}"
EndProject
Global
	GlobalSection(SolutionConfigurationPlatforms) = preSolution
		Debug|Any CPU = Debug|Any CPU
		Release|Any CPU = Release|Any CPU
	EndGlobalSection
	GlobalSection(ProjectConfigurationPlatforms) = postSolution
		{9F6F4DAD-F3F1-41EF-A9B0-77775F87051B}.Debug|Any CPU.ActiveCfg = Debug|Any CPU
		{9F6F4DAD-F3F1-41EF-A9B0-77775F87051B}.Debug|Any CPU.Build.0 = Debug|Any CPU
		{9F6F4DAD-F3F1-41EF-A9B0-77775F87051B}.Release|Any CPU.ActiveCfg = Release|Any CPU
		{9F6F4DAD-F3F1-41EF-A9B0-77775F87051B}.Release|Any CPU.Build.0 = Release|Any CPU
	EndGlobalSection
	GlobalSection(SolutionProperties) = preSolution
		HideSolutionNode = FALSE
	EndGlobalSection
	GlobalSection(ExtensibilityGlobals) = postSolution
		SolutionGuid = {AF83ED4F-9969-4AF2-9B95-1C272B3F0F24}
	EndGlobalSection
EndGlobal
