
Microsoft Visual Studio Solution File, Format Version 12.00
# Visual Studio 15
VisualStudioVersion = 15.0.27004.2008
MinimumVisualStudioVersion = 10.0.40219.1
Project("{FAE04EC0-301F-11D3-BF4B-00C04F79EFBC}") = "Lab11-question3", "Lab11-question3.csproj", "{B8841792-3C20-44B1-B2B9-F5B773623802}"
EndProject
Global
	GlobalSection(SolutionConfigurationPlatforms) = preSolution
		Debug|Any CPU = Debug|Any CPU
		Release|Any CPU = Release|Any CPU
	EndGlobalSection
	GlobalSection(ProjectConfigurationPlatforms) = postSolution
		{B8841792-3C20-44B1-B2B9-F5B773623802}.Debug|Any CPU.ActiveCfg = Debug|Any CPU
		{B8841792-3C20-44B1-B2B9-F5B773623802}.Debug|Any CPU.Build.0 = Debug|Any CPU
		{B8841792-3C20-44B1-B2B9-F5B773623802}.Release|Any CPU.ActiveCfg = Release|Any CPU
		{B8841792-3C20-44B1-B2B9-F5B773623802}.Release|Any CPU.Build.0 = Release|Any CPU
	EndGlobalSection
	GlobalSection(SolutionProperties) = preSolution
		HideSolutionNode = FALSE
	EndGlobalSection
	GlobalSection(ExtensibilityGlobals) = postSolution
		SolutionGuid = {ABBEEC15-C65A-405E-AC9D-D4590AA6ED96}
	EndGlobalSection
EndGlobal
