
Microsoft Visual Studio Solution File, Format Version 12.00
# Visual Studio 15
VisualStudioVersion = 15.0.27004.2008
MinimumVisualStudioVersion = 10.0.40219.1
Project("{FAE04EC0-301F-11D3-BF4B-00C04F79EFBC}") = "Test1-Question4", "Test1-Question4.csproj", "{583E62C9-4959-4C90-BA2A-16F21DFEE604}"
EndProject
Global
	GlobalSection(SolutionConfigurationPlatforms) = preSolution
		Debug|Any CPU = Debug|Any CPU
		Release|Any CPU = Release|Any CPU
	EndGlobalSection
	GlobalSection(ProjectConfigurationPlatforms) = postSolution
		{583E62C9-4959-4C90-BA2A-16F21DFEE604}.Debug|Any CPU.ActiveCfg = Debug|Any CPU
		{583E62C9-4959-4C90-BA2A-16F21DFEE604}.Debug|Any CPU.Build.0 = Debug|Any CPU
		{583E62C9-4959-4C90-BA2A-16F21DFEE604}.Release|Any CPU.ActiveCfg = Release|Any CPU
		{583E62C9-4959-4C90-BA2A-16F21DFEE604}.Release|Any CPU.Build.0 = Release|Any CPU
	EndGlobalSection
	GlobalSection(SolutionProperties) = preSolution
		HideSolutionNode = FALSE
	EndGlobalSection
	GlobalSection(ExtensibilityGlobals) = postSolution
		SolutionGuid = {EF1B4C9D-168D-4176-81C4-C997DDBB0C7B}
	EndGlobalSection
EndGlobal
