
Microsoft Visual Studio Solution File, Format Version 12.00
# Visual Studio 15
VisualStudioVersion = 15.0.27004.2008
MinimumVisualStudioVersion = 10.0.40219.1
Project("{FAE04EC0-301F-11D3-BF4B-00C04F79EFBC}") = "Lab11-question5", "Lab11-question5.csproj", "{A9917568-B0A4-4392-93F3-88EF147F7245}"
EndProject
Global
	GlobalSection(SolutionConfigurationPlatforms) = preSolution
		Debug|Any CPU = Debug|Any CPU
		Release|Any CPU = Release|Any CPU
	EndGlobalSection
	GlobalSection(ProjectConfigurationPlatforms) = postSolution
		{A9917568-B0A4-4392-93F3-88EF147F7245}.Debug|Any CPU.ActiveCfg = Debug|Any CPU
		{A9917568-B0A4-4392-93F3-88EF147F7245}.Debug|Any CPU.Build.0 = Debug|Any CPU
		{A9917568-B0A4-4392-93F3-88EF147F7245}.Release|Any CPU.ActiveCfg = Release|Any CPU
		{A9917568-B0A4-4392-93F3-88EF147F7245}.Release|Any CPU.Build.0 = Release|Any CPU
	EndGlobalSection
	GlobalSection(SolutionProperties) = preSolution
		HideSolutionNode = FALSE
	EndGlobalSection
	GlobalSection(ExtensibilityGlobals) = postSolution
		SolutionGuid = {807C0681-4405-4B57-9C27-DCB1F8E33390}
	EndGlobalSection
EndGlobal
