
Microsoft Visual Studio Solution File, Format Version 12.00
# Visual Studio 15
VisualStudioVersion = 15.0.26730.12
MinimumVisualStudioVersion = 10.0.40219.1
Project("{FAE04EC0-301F-11D3-BF4B-00C04F79EFBC}") = "Lab06-GuessNumber", "Lab06-GuessNumber.csproj", "{FBE8182C-1FE2-4290-B882-B20FBCC4DFCC}"
EndProject
Global
	GlobalSection(SolutionConfigurationPlatforms) = preSolution
		Debug|Any CPU = Debug|Any CPU
		Release|Any CPU = Release|Any CPU
	EndGlobalSection
	GlobalSection(ProjectConfigurationPlatforms) = postSolution
		{FBE8182C-1FE2-4290-B882-B20FBCC4DFCC}.Debug|Any CPU.ActiveCfg = Debug|Any CPU
		{FBE8182C-1FE2-4290-B882-B20FBCC4DFCC}.Debug|Any CPU.Build.0 = Debug|Any CPU
		{FBE8182C-1FE2-4290-B882-B20FBCC4DFCC}.Release|Any CPU.ActiveCfg = Release|Any CPU
		{FBE8182C-1FE2-4290-B882-B20FBCC4DFCC}.Release|Any CPU.Build.0 = Release|Any CPU
	EndGlobalSection
	GlobalSection(SolutionProperties) = preSolution
		HideSolutionNode = FALSE
	EndGlobalSection
	GlobalSection(ExtensibilityGlobals) = postSolution
		SolutionGuid = {BFC97B1C-F71E-4D89-953C-1DCD0B394F3A}
	EndGlobalSection
EndGlobal
